// !$*UTF8*$!
{
	archiveVersion = 1;
	classes = {
	};
	objectVersion = 46;
	objects = {

/* Begin PBXBuildFile section */
		5A8EA2A103791E6AA0EB005D /* libPods.a in Frameworks */ = {isa = PBXBuildFile; fileRef = 915682AE43233C0A98485C38 /* libPods.a */; };
		E90575341A841EBA00797319 /* MediaPlayer.framework in Frameworks */ = {isa = PBXBuildFile; fileRef = E90575331A841EBA00797319 /* MediaPlayer.framework */; settings = {ATTRIBUTES = (Weak, ); }; };
		E906D36F1A83A2D900F9B079 /* LaunchScreen.xib in Resources */ = {isa = PBXBuildFile; fileRef = E906D36E1A83A2D900F9B079 /* LaunchScreen.xib */; };
		E91E669D1A9488CB007FE969 /* CoreGraphics.framework in Frameworks */ = {isa = PBXBuildFile; fileRef = E959C8C61A821E47002DE2C5 /* CoreGraphics.framework */; settings = {ATTRIBUTES = (Weak, ); }; };
		E91E669F1A9488DB007FE969 /* AddressBook.framework in Frameworks */ = {isa = PBXBuildFile; fileRef = E91E669E1A9488DB007FE969 /* AddressBook.framework */; settings = {ATTRIBUTES = (Weak, ); }; };
		E959C8C11A821CBA002DE2C5 /* Parse.framework in Frameworks */ = {isa = PBXBuildFile; fileRef = E959C8C01A821CBA002DE2C5 /* Parse.framework */; settings = {ATTRIBUTES = (Weak, ); }; };
		E959C8C31A821E38002DE2C5 /* AudioToolbox.framework in Frameworks */ = {isa = PBXBuildFile; fileRef = E959C8C21A821E38002DE2C5 /* AudioToolbox.framework */; settings = {ATTRIBUTES = (Weak, ); }; };
		E959C8C51A821E40002DE2C5 /* CFNetwork.framework in Frameworks */ = {isa = PBXBuildFile; fileRef = E959C8C41A821E40002DE2C5 /* CFNetwork.framework */; settings = {ATTRIBUTES = (Weak, ); }; };
		E959C8C91A821E51002DE2C5 /* CoreLocation.framework in Frameworks */ = {isa = PBXBuildFile; fileRef = E959C8C81A821E51002DE2C5 /* CoreLocation.framework */; settings = {ATTRIBUTES = (Weak, ); }; };
		E959C8CB1A821E5A002DE2C5 /* MobileCoreServices.framework in Frameworks */ = {isa = PBXBuildFile; fileRef = E959C8CA1A821E5A002DE2C5 /* MobileCoreServices.framework */; settings = {ATTRIBUTES = (Weak, ); }; };
		E959C8CD1A821E63002DE2C5 /* QuartzCore.framework in Frameworks */ = {isa = PBXBuildFile; fileRef = E959C8CC1A821E63002DE2C5 /* QuartzCore.framework */; settings = {ATTRIBUTES = (Weak, ); }; };
		E959C8CF1A821E69002DE2C5 /* Security.framework in Frameworks */ = {isa = PBXBuildFile; fileRef = E959C8CE1A821E69002DE2C5 /* Security.framework */; settings = {ATTRIBUTES = (Weak, ); }; };
		E959C8D31A821E7A002DE2C5 /* SystemConfiguration.framework in Frameworks */ = {isa = PBXBuildFile; fileRef = E959C8D21A821E7A002DE2C5 /* SystemConfiguration.framework */; settings = {ATTRIBUTES = (Weak, ); }; };
		E959C8D51A821E84002DE2C5 /* libz.dylib in Frameworks */ = {isa = PBXBuildFile; fileRef = E959C8D41A821E83002DE2C5 /* libz.dylib */; settings = {ATTRIBUTES = (Weak, ); }; };
		E959C8D71A821E8F002DE2C5 /* libsqlite3.dylib in Frameworks */ = {isa = PBXBuildFile; fileRef = E959C8D61A821E8F002DE2C5 /* libsqlite3.dylib */; settings = {ATTRIBUTES = (Weak, ); }; };
		E959C8D91A8220AA002DE2C5 /* Bolts.framework in Frameworks */ = {isa = PBXBuildFile; fileRef = E959C8D81A8220AA002DE2C5 /* Bolts.framework */; settings = {ATTRIBUTES = (Weak, ); }; };
		E96DBBEC1A80CE5100E7D861 /* main.m in Sources */ = {isa = PBXBuildFile; fileRef = E96DBBEB1A80CE5100E7D861 /* main.m */; };
		E96DBBEF1A80CE5100E7D861 /* AppDelegate.m in Sources */ = {isa = PBXBuildFile; fileRef = E96DBBEE1A80CE5100E7D861 /* AppDelegate.m */; };
		E96DBBF81A80CE5100E7D861 /* Main.storyboard in Resources */ = {isa = PBXBuildFile; fileRef = E96DBBF61A80CE5100E7D861 /* Main.storyboard */; };
		E96DBBFA1A80CE5100E7D861 /* Images.xcassets in Resources */ = {isa = PBXBuildFile; fileRef = E96DBBF91A80CE5100E7D861 /* Images.xcassets */; };
		E96DBC091A80CE5100E7D861 /* RibbitTests.m in Sources */ = {isa = PBXBuildFile; fileRef = E96DBC081A80CE5100E7D861 /* RibbitTests.m */; };
		E96DBC131A80CEE900E7D861 /* Default-568h@2x.png in Resources */ = {isa = PBXBuildFile; fileRef = E96DBC121A80CEE900E7D861 /* Default-568h@2x.png */; };
		E9F69C201ABC172000C9DC20 /* AddFriendsViewController.m in Sources */ = {isa = PBXBuildFile; fileRef = E9F69C131ABC172000C9DC20 /* AddFriendsViewController.m */; };
		E9F69C211ABC172000C9DC20 /* CameraViewController.m in Sources */ = {isa = PBXBuildFile; fileRef = E9F69C151ABC172000C9DC20 /* CameraViewController.m */; };
		E9F69C221ABC172000C9DC20 /* FriendsViewController.m in Sources */ = {isa = PBXBuildFile; fileRef = E9F69C171ABC172000C9DC20 /* FriendsViewController.m */; };
		E9F69C231ABC172000C9DC20 /* ImageViewController.m in Sources */ = {isa = PBXBuildFile; fileRef = E9F69C191ABC172000C9DC20 /* ImageViewController.m */; };
		E9F69C241ABC172000C9DC20 /* InboxViewController.m in Sources */ = {isa = PBXBuildFile; fileRef = E9F69C1B1ABC172000C9DC20 /* InboxViewController.m */; };
		E9F69C251ABC172000C9DC20 /* LoginViewController.m in Sources */ = {isa = PBXBuildFile; fileRef = E9F69C1D1ABC172000C9DC20 /* LoginViewController.m */; };
		E9F69C261ABC172000C9DC20 /* SignUpViewController.m in Sources */ = {isa = PBXBuildFile; fileRef = E9F69C1F1ABC172000C9DC20 /* SignUpViewController.m */; };
		E9F69C351ABC433600C9DC20 /* LoginViewModel.m in Sources */ = {isa = PBXBuildFile; fileRef = E9F69C341ABC433600C9DC20 /* LoginViewModel.m */; };
		E9F69C3B1ABC51B300C9DC20 /* ServiceLayer.m in Sources */ = {isa = PBXBuildFile; fileRef = E9F69C3A1ABC51B300C9DC20 /* ServiceLayer.m */; };
		E9F69C3F1ABC524A00C9DC20 /* ParseService.m in Sources */ = {isa = PBXBuildFile; fileRef = E9F69C3E1ABC524A00C9DC20 /* ParseService.m */; };
		E9F69C411ABC628F00C9DC20 /* Accounts.framework in Frameworks */ = {isa = PBXBuildFile; fileRef = E9F69C401ABC628F00C9DC20 /* Accounts.framework */; settings = {ATTRIBUTES = (Weak, ); }; };
		E9F69C451ABC62BF00C9DC20 /* Social.framework in Frameworks */ = {isa = PBXBuildFile; fileRef = E9F69C441ABC62BF00C9DC20 /* Social.framework */; settings = {ATTRIBUTES = (Weak, ); }; };
		E9F69C4C1ABC75F200C9DC20 /* SignUpViewModel.m in Sources */ = {isa = PBXBuildFile; fileRef = E9F69C4B1ABC75F200C9DC20 /* SignUpViewModel.m */; };
		E9F69C4F1ABC7B8000C9DC20 /* Localizable.strings in Resources */ = {isa = PBXBuildFile; fileRef = E9F69C511ABC7B8000C9DC20 /* Localizable.strings */; };
/* End PBXBuildFile section */

/* Begin PBXContainerItemProxy section */
		E96DBC031A80CE5100E7D861 /* PBXContainerItemProxy */ = {
			isa = PBXContainerItemProxy;
			containerPortal = E96DBBDE1A80CE5100E7D861 /* Project object */;
			proxyType = 1;
			remoteGlobalIDString = E96DBBE51A80CE5100E7D861;
			remoteInfo = Ribbit;
		};
/* End PBXContainerItemProxy section */

/* Begin PBXFileReference section */
		0E0345FFF1E8933739171D3F /* Pods.release.xcconfig */ = {isa = PBXFileReference; includeInIndex = 1; lastKnownFileType = text.xcconfig; name = Pods.release.xcconfig; path = "Pods/Target Support Files/Pods/Pods.release.xcconfig"; sourceTree = "<group>"; };
		915682AE43233C0A98485C38 /* libPods.a */ = {isa = PBXFileReference; explicitFileType = archive.ar; includeInIndex = 0; path = libPods.a; sourceTree = BUILT_PRODUCTS_DIR; };
		DA2336857E6336AFB044BDDD /* Pods.debug.xcconfig */ = {isa = PBXFileReference; includeInIndex = 1; lastKnownFileType = text.xcconfig; name = Pods.debug.xcconfig; path = "Pods/Target Support Files/Pods/Pods.debug.xcconfig"; sourceTree = "<group>"; };
		E90575331A841EBA00797319 /* MediaPlayer.framework */ = {isa = PBXFileReference; lastKnownFileType = wrapper.framework; name = MediaPlayer.framework; path = System/Library/Frameworks/MediaPlayer.framework; sourceTree = SDKROOT; };
		E906D36E1A83A2D900F9B079 /* LaunchScreen.xib */ = {isa = PBXFileReference; fileEncoding = 4; lastKnownFileType = file.xib; path = LaunchScreen.xib; sourceTree = "<group>"; };
		E91E669E1A9488DB007FE969 /* AddressBook.framework */ = {isa = PBXFileReference; lastKnownFileType = wrapper.framework; name = AddressBook.framework; path = System/Library/Frameworks/AddressBook.framework; sourceTree = SDKROOT; };
		E959C8C01A821CBA002DE2C5 /* Parse.framework */ = {isa = PBXFileReference; lastKnownFileType = wrapper.framework; path = Parse.framework; sourceTree = "<group>"; };
		E959C8C21A821E38002DE2C5 /* AudioToolbox.framework */ = {isa = PBXFileReference; lastKnownFileType = wrapper.framework; name = AudioToolbox.framework; path = System/Library/Frameworks/AudioToolbox.framework; sourceTree = SDKROOT; };
		E959C8C41A821E40002DE2C5 /* CFNetwork.framework */ = {isa = PBXFileReference; lastKnownFileType = wrapper.framework; name = CFNetwork.framework; path = System/Library/Frameworks/CFNetwork.framework; sourceTree = SDKROOT; };
		E959C8C61A821E47002DE2C5 /* CoreGraphics.framework */ = {isa = PBXFileReference; lastKnownFileType = wrapper.framework; name = CoreGraphics.framework; path = System/Library/Frameworks/CoreGraphics.framework; sourceTree = SDKROOT; };
		E959C8C81A821E51002DE2C5 /* CoreLocation.framework */ = {isa = PBXFileReference; lastKnownFileType = wrapper.framework; name = CoreLocation.framework; path = System/Library/Frameworks/CoreLocation.framework; sourceTree = SDKROOT; };
		E959C8CA1A821E5A002DE2C5 /* MobileCoreServices.framework */ = {isa = PBXFileReference; lastKnownFileType = wrapper.framework; name = MobileCoreServices.framework; path = System/Library/Frameworks/MobileCoreServices.framework; sourceTree = SDKROOT; };
		E959C8CC1A821E63002DE2C5 /* QuartzCore.framework */ = {isa = PBXFileReference; lastKnownFileType = wrapper.framework; name = QuartzCore.framework; path = System/Library/Frameworks/QuartzCore.framework; sourceTree = SDKROOT; };
		E959C8CE1A821E69002DE2C5 /* Security.framework */ = {isa = PBXFileReference; lastKnownFileType = wrapper.framework; name = Security.framework; path = System/Library/Frameworks/Security.framework; sourceTree = SDKROOT; };
		E959C8D21A821E7A002DE2C5 /* SystemConfiguration.framework */ = {isa = PBXFileReference; lastKnownFileType = wrapper.framework; name = SystemConfiguration.framework; path = System/Library/Frameworks/SystemConfiguration.framework; sourceTree = SDKROOT; };
		E959C8D41A821E83002DE2C5 /* libz.dylib */ = {isa = PBXFileReference; lastKnownFileType = "compiled.mach-o.dylib"; name = libz.dylib; path = usr/lib/libz.dylib; sourceTree = SDKROOT; };
		E959C8D61A821E8F002DE2C5 /* libsqlite3.dylib */ = {isa = PBXFileReference; lastKnownFileType = "compiled.mach-o.dylib"; name = libsqlite3.dylib; path = usr/lib/libsqlite3.dylib; sourceTree = SDKROOT; };
		E959C8D81A8220AA002DE2C5 /* Bolts.framework */ = {isa = PBXFileReference; lastKnownFileType = wrapper.framework; path = Bolts.framework; sourceTree = "<group>"; };
		E96DBBE61A80CE5100E7D861 /* Ribbit.app */ = {isa = PBXFileReference; explicitFileType = wrapper.application; includeInIndex = 0; path = Ribbit.app; sourceTree = BUILT_PRODUCTS_DIR; };
		E96DBBEA1A80CE5100E7D861 /* Info.plist */ = {isa = PBXFileReference; lastKnownFileType = text.plist.xml; path = Info.plist; sourceTree = "<group>"; };
		E96DBBEB1A80CE5100E7D861 /* main.m */ = {isa = PBXFileReference; lastKnownFileType = sourcecode.c.objc; path = main.m; sourceTree = "<group>"; };
		E96DBBED1A80CE5100E7D861 /* AppDelegate.h */ = {isa = PBXFileReference; lastKnownFileType = sourcecode.c.h; path = AppDelegate.h; sourceTree = "<group>"; };
		E96DBBEE1A80CE5100E7D861 /* AppDelegate.m */ = {isa = PBXFileReference; lastKnownFileType = sourcecode.c.objc; path = AppDelegate.m; sourceTree = "<group>"; };
		E96DBBF71A80CE5100E7D861 /* Base */ = {isa = PBXFileReference; lastKnownFileType = file.storyboard; name = Base; path = Base.lproj/Main.storyboard; sourceTree = "<group>"; };
		E96DBBF91A80CE5100E7D861 /* Images.xcassets */ = {isa = PBXFileReference; lastKnownFileType = folder.assetcatalog; path = Images.xcassets; sourceTree = "<group>"; };
		E96DBC021A80CE5100E7D861 /* RibbitTests.xctest */ = {isa = PBXFileReference; explicitFileType = wrapper.cfbundle; includeInIndex = 0; path = RibbitTests.xctest; sourceTree = BUILT_PRODUCTS_DIR; };
		E96DBC071A80CE5100E7D861 /* Info.plist */ = {isa = PBXFileReference; lastKnownFileType = text.plist.xml; path = Info.plist; sourceTree = "<group>"; };
		E96DBC081A80CE5100E7D861 /* RibbitTests.m */ = {isa = PBXFileReference; lastKnownFileType = sourcecode.c.objc; path = RibbitTests.m; sourceTree = "<group>"; };
		E96DBC121A80CEE900E7D861 /* Default-568h@2x.png */ = {isa = PBXFileReference; lastKnownFileType = image.png; path = "Default-568h@2x.png"; sourceTree = "<group>"; };
		E9F69C121ABC172000C9DC20 /* AddFriendsViewController.h */ = {isa = PBXFileReference; fileEncoding = 4; lastKnownFileType = sourcecode.c.h; name = AddFriendsViewController.h; path = View/AddFriendsViewController.h; sourceTree = "<group>"; };
		E9F69C131ABC172000C9DC20 /* AddFriendsViewController.m */ = {isa = PBXFileReference; fileEncoding = 4; lastKnownFileType = sourcecode.c.objc; name = AddFriendsViewController.m; path = View/AddFriendsViewController.m; sourceTree = "<group>"; };
		E9F69C141ABC172000C9DC20 /* CameraViewController.h */ = {isa = PBXFileReference; fileEncoding = 4; lastKnownFileType = sourcecode.c.h; name = CameraViewController.h; path = View/CameraViewController.h; sourceTree = "<group>"; };
		E9F69C151ABC172000C9DC20 /* CameraViewController.m */ = {isa = PBXFileReference; fileEncoding = 4; lastKnownFileType = sourcecode.c.objc; name = CameraViewController.m; path = View/CameraViewController.m; sourceTree = "<group>"; };
		E9F69C161ABC172000C9DC20 /* FriendsViewController.h */ = {isa = PBXFileReference; fileEncoding = 4; lastKnownFileType = sourcecode.c.h; name = FriendsViewController.h; path = View/FriendsViewController.h; sourceTree = "<group>"; };
		E9F69C171ABC172000C9DC20 /* FriendsViewController.m */ = {isa = PBXFileReference; fileEncoding = 4; lastKnownFileType = sourcecode.c.objc; name = FriendsViewController.m; path = View/FriendsViewController.m; sourceTree = "<group>"; };
		E9F69C181ABC172000C9DC20 /* ImageViewController.h */ = {isa = PBXFileReference; fileEncoding = 4; lastKnownFileType = sourcecode.c.h; name = ImageViewController.h; path = View/ImageViewController.h; sourceTree = "<group>"; };
		E9F69C191ABC172000C9DC20 /* ImageViewController.m */ = {isa = PBXFileReference; fileEncoding = 4; lastKnownFileType = sourcecode.c.objc; name = ImageViewController.m; path = View/ImageViewController.m; sourceTree = "<group>"; };
		E9F69C1A1ABC172000C9DC20 /* InboxViewController.h */ = {isa = PBXFileReference; fileEncoding = 4; lastKnownFileType = sourcecode.c.h; name = InboxViewController.h; path = View/InboxViewController.h; sourceTree = "<group>"; };
		E9F69C1B1ABC172000C9DC20 /* InboxViewController.m */ = {isa = PBXFileReference; fileEncoding = 4; lastKnownFileType = sourcecode.c.objc; name = InboxViewController.m; path = View/InboxViewController.m; sourceTree = "<group>"; };
		E9F69C1C1ABC172000C9DC20 /* LoginViewController.h */ = {isa = PBXFileReference; fileEncoding = 4; lastKnownFileType = sourcecode.c.h; name = LoginViewController.h; path = View/LoginViewController.h; sourceTree = "<group>"; };
		E9F69C1D1ABC172000C9DC20 /* LoginViewController.m */ = {isa = PBXFileReference; fileEncoding = 4; lastKnownFileType = sourcecode.c.objc; name = LoginViewController.m; path = View/LoginViewController.m; sourceTree = "<group>"; };
		E9F69C1E1ABC172000C9DC20 /* SignUpViewController.h */ = {isa = PBXFileReference; fileEncoding = 4; lastKnownFileType = sourcecode.c.h; name = SignUpViewController.h; path = View/SignUpViewController.h; sourceTree = "<group>"; };
		E9F69C1F1ABC172000C9DC20 /* SignUpViewController.m */ = {isa = PBXFileReference; fileEncoding = 4; lastKnownFileType = sourcecode.c.objc; name = SignUpViewController.m; path = View/SignUpViewController.m; sourceTree = "<group>"; };
		E9F69C331ABC433600C9DC20 /* LoginViewModel.h */ = {isa = PBXFileReference; fileEncoding = 4; lastKnownFileType = sourcecode.c.h; name = LoginViewModel.h; path = ViewModel/LoginViewModel.h; sourceTree = "<group>"; };
		E9F69C341ABC433600C9DC20 /* LoginViewModel.m */ = {isa = PBXFileReference; fileEncoding = 4; lastKnownFileType = sourcecode.c.objc; name = LoginViewModel.m; path = ViewModel/LoginViewModel.m; sourceTree = "<group>"; };
		E9F69C371ABC477900C9DC20 /* ViewModel.h */ = {isa = PBXFileReference; lastKnownFileType = sourcecode.c.h; path = ViewModel.h; sourceTree = "<group>"; };
		E9F69C381ABC4AB300C9DC20 /* ViewController.h */ = {isa = PBXFileReference; lastKnownFileType = sourcecode.c.h; path = ViewController.h; sourceTree = "<group>"; };
		E9F69C391ABC51B300C9DC20 /* ServiceLayer.h */ = {isa = PBXFileReference; fileEncoding = 4; lastKnownFileType = sourcecode.c.h; name = ServiceLayer.h; path = Services/ServiceLayer.h; sourceTree = "<group>"; };
		E9F69C3A1ABC51B300C9DC20 /* ServiceLayer.m */ = {isa = PBXFileReference; fileEncoding = 4; lastKnownFileType = sourcecode.c.objc; name = ServiceLayer.m; path = Services/ServiceLayer.m; sourceTree = "<group>"; };
		E9F69C3D1ABC524A00C9DC20 /* ParseService.h */ = {isa = PBXFileReference; fileEncoding = 4; lastKnownFileType = sourcecode.c.h; name = ParseService.h; path = Services/ParseService.h; sourceTree = "<group>"; };
		E9F69C3E1ABC524A00C9DC20 /* ParseService.m */ = {isa = PBXFileReference; fileEncoding = 4; lastKnownFileType = sourcecode.c.objc; name = ParseService.m; path = Services/ParseService.m; sourceTree = "<group>"; };
		E9F69C401ABC628F00C9DC20 /* Accounts.framework */ = {isa = PBXFileReference; lastKnownFileType = wrapper.framework; name = Accounts.framework; path = System/Library/Frameworks/Accounts.framework; sourceTree = SDKROOT; };
		E9F69C421ABC629900C9DC20 /* Twitter.framework */ = {isa = PBXFileReference; lastKnownFileType = wrapper.framework; name = Twitter.framework; path = System/Library/Frameworks/Twitter.framework; sourceTree = SDKROOT; };
		E9F69C441ABC62BF00C9DC20 /* Social.framework */ = {isa = PBXFileReference; lastKnownFileType = wrapper.framework; name = Social.framework; path = System/Library/Frameworks/Social.framework; sourceTree = SDKROOT; };
		E9F69C4A1ABC75F200C9DC20 /* SignUpViewModel.h */ = {isa = PBXFileReference; fileEncoding = 4; lastKnownFileType = sourcecode.c.h; name = SignUpViewModel.h; path = ViewModel/SignUpViewModel.h; sourceTree = "<group>"; };
		E9F69C4B1ABC75F200C9DC20 /* SignUpViewModel.m */ = {isa = PBXFileReference; fileEncoding = 4; lastKnownFileType = sourcecode.c.objc; name = SignUpViewModel.m; path = ViewModel/SignUpViewModel.m; sourceTree = "<group>"; };
		E9F69C501ABC7B8000C9DC20 /* Base */ = {isa = PBXFileReference; lastKnownFileType = text.plist.strings; name = Base; path = Base.lproj/Localizable.strings; sourceTree = "<group>"; };
		E9F69C521ABC7C0E00C9DC20 /* tr */ = {isa = PBXFileReference; lastKnownFileType = text.plist.strings; name = tr; path = tr.lproj/Main.strings; sourceTree = "<group>"; };
		E9F69C531ABC7C0E00C9DC20 /* tr */ = {isa = PBXFileReference; lastKnownFileType = text.plist.strings; name = tr; path = tr.lproj/Localizable.strings; sourceTree = "<group>"; };
/* End PBXFileReference section */

/* Begin PBXFrameworksBuildPhase section */
		E96DBBE31A80CE5100E7D861 /* Frameworks */ = {
			isa = PBXFrameworksBuildPhase;
			buildActionMask = 2147483647;
			files = (
				E9F69C451ABC62BF00C9DC20 /* Social.framework in Frameworks */,
				E9F69C411ABC628F00C9DC20 /* Accounts.framework in Frameworks */,
				E91E669F1A9488DB007FE969 /* AddressBook.framework in Frameworks */,
				E91E669D1A9488CB007FE969 /* CoreGraphics.framework in Frameworks */,
				E90575341A841EBA00797319 /* MediaPlayer.framework in Frameworks */,
				E959C8D71A821E8F002DE2C5 /* libsqlite3.dylib in Frameworks */,
				E959C8D51A821E84002DE2C5 /* libz.dylib in Frameworks */,
				E959C8D31A821E7A002DE2C5 /* SystemConfiguration.framework in Frameworks */,
				E959C8CF1A821E69002DE2C5 /* Security.framework in Frameworks */,
				E959C8CD1A821E63002DE2C5 /* QuartzCore.framework in Frameworks */,
				E959C8CB1A821E5A002DE2C5 /* MobileCoreServices.framework in Frameworks */,
				E959C8D91A8220AA002DE2C5 /* Bolts.framework in Frameworks */,
				E959C8C91A821E51002DE2C5 /* CoreLocation.framework in Frameworks */,
				E959C8C51A821E40002DE2C5 /* CFNetwork.framework in Frameworks */,
				E959C8C31A821E38002DE2C5 /* AudioToolbox.framework in Frameworks */,
				E959C8C11A821CBA002DE2C5 /* Parse.framework in Frameworks */,
				5A8EA2A103791E6AA0EB005D /* libPods.a in Frameworks */,
			);
			runOnlyForDeploymentPostprocessing = 0;
		};
		E96DBBFF1A80CE5100E7D861 /* Frameworks */ = {
			isa = PBXFrameworksBuildPhase;
			buildActionMask = 2147483647;
			files = (
			);
			runOnlyForDeploymentPostprocessing = 0;
		};
/* End PBXFrameworksBuildPhase section */

/* Begin PBXGroup section */
		1077A996B40FA6044416C7C4 /* Frameworks */ = {
			isa = PBXGroup;
			children = (
				E9F69C441ABC62BF00C9DC20 /* Social.framework */,
				E9F69C421ABC629900C9DC20 /* Twitter.framework */,
				E9F69C401ABC628F00C9DC20 /* Accounts.framework */,
				915682AE43233C0A98485C38 /* libPods.a */,
			);
			name = Frameworks;
			sourceTree = "<group>";
		};
		E959C8BF1A821C71002DE2C5 /* Framework */ = {
			isa = PBXGroup;
			children = (
				E91E669E1A9488DB007FE969 /* AddressBook.framework */,
				E90575331A841EBA00797319 /* MediaPlayer.framework */,
				E959C8D61A821E8F002DE2C5 /* libsqlite3.dylib */,
				E959C8D41A821E83002DE2C5 /* libz.dylib */,
				E959C8D21A821E7A002DE2C5 /* SystemConfiguration.framework */,
				E959C8CE1A821E69002DE2C5 /* Security.framework */,
				E959C8CC1A821E63002DE2C5 /* QuartzCore.framework */,
				E959C8CA1A821E5A002DE2C5 /* MobileCoreServices.framework */,
				E959C8C81A821E51002DE2C5 /* CoreLocation.framework */,
				E959C8C61A821E47002DE2C5 /* CoreGraphics.framework */,
				E959C8C41A821E40002DE2C5 /* CFNetwork.framework */,
				E959C8C21A821E38002DE2C5 /* AudioToolbox.framework */,
				E959C8D81A8220AA002DE2C5 /* Bolts.framework */,
				E959C8C01A821CBA002DE2C5 /* Parse.framework */,
			);
			name = Framework;
			sourceTree = "<group>";
		};
		E96DBBDD1A80CE5100E7D861 = {
			isa = PBXGroup;
			children = (
				E906D36E1A83A2D900F9B079 /* LaunchScreen.xib */,
				E96DBC121A80CEE900E7D861 /* Default-568h@2x.png */,
				E96DBBE81A80CE5100E7D861 /* Ribbit */,
				E96DBC051A80CE5100E7D861 /* RibbitTests */,
				E96DBBE71A80CE5100E7D861 /* Products */,
				FE5224C533E2125BEF9BB159 /* Pods */,
				1077A996B40FA6044416C7C4 /* Frameworks */,
			);
			sourceTree = "<group>";
		};
		E96DBBE71A80CE5100E7D861 /* Products */ = {
			isa = PBXGroup;
			children = (
				E96DBBE61A80CE5100E7D861 /* Ribbit.app */,
				E96DBC021A80CE5100E7D861 /* RibbitTests.xctest */,
			);
			name = Products;
			sourceTree = "<group>";
		};
		E96DBBE81A80CE5100E7D861 /* Ribbit */ = {
			isa = PBXGroup;
			children = (
				E9F69C111ABC170600C9DC20 /* Model */,
				E9F69C101ABC16FD00C9DC20 /* Services */,
				E9F69C0F1ABC16F600C9DC20 /* ViewModel */,
				E9F69C0E1ABC16F000C9DC20 /* View */,
				E959C8BF1A821C71002DE2C5 /* Framework */,
				E96DBBED1A80CE5100E7D861 /* AppDelegate.h */,
				E96DBBEE1A80CE5100E7D861 /* AppDelegate.m */,
				E96DBBF61A80CE5100E7D861 /* Main.storyboard */,
				E96DBBF91A80CE5100E7D861 /* Images.xcassets */,
				E96DBBE91A80CE5100E7D861 /* Supporting Files */,
			);
			path = Ribbit;
			sourceTree = "<group>";
		};
		E96DBBE91A80CE5100E7D861 /* Supporting Files */ = {
			isa = PBXGroup;
			children = (
				E96DBBEA1A80CE5100E7D861 /* Info.plist */,
				E96DBBEB1A80CE5100E7D861 /* main.m */,
				E9F69C511ABC7B8000C9DC20 /* Localizable.strings */,
			);
			name = "Supporting Files";
			sourceTree = "<group>";
		};
		E96DBC051A80CE5100E7D861 /* RibbitTests */ = {
			isa = PBXGroup;
			children = (
				E96DBC081A80CE5100E7D861 /* RibbitTests.m */,
				E96DBC061A80CE5100E7D861 /* Supporting Files */,
			);
			path = RibbitTests;
			sourceTree = "<group>";
		};
		E96DBC061A80CE5100E7D861 /* Supporting Files */ = {
			isa = PBXGroup;
			children = (
				E96DBC071A80CE5100E7D861 /* Info.plist */,
			);
			name = "Supporting Files";
			sourceTree = "<group>";
		};
		E9F69C0E1ABC16F000C9DC20 /* View */ = {
			isa = PBXGroup;
			children = (
				E9F69C381ABC4AB300C9DC20 /* ViewController.h */,
				E9F69C2C1ABC177300C9DC20 /* Login */,
				E9F69C2B1ABC176B00C9DC20 /* SignUp */,
				E9F69C2D1ABC177E00C9DC20 /* Inbox */,
				E9F69C2A1ABC175C00C9DC20 /* ImageViewer */,
				E9F69C291ABC175400C9DC20 /* Friends */,
				E9F69C281ABC174B00C9DC20 /* Camera */,
				E9F69C271ABC174400C9DC20 /* AddFriends */,
			);
			name = View;
			sourceTree = "<group>";
		};
		E9F69C0F1ABC16F600C9DC20 /* ViewModel */ = {
			isa = PBXGroup;
			children = (
				E9F69C371ABC477900C9DC20 /* ViewModel.h */,
				E9F69C361ABC46FA00C9DC20 /* Login */,
				E9F69C461ABC75A700C9DC20 /* SignUp */,
			);
			name = ViewModel;
			sourceTree = "<group>";
		};
		E9F69C101ABC16FD00C9DC20 /* Services */ = {
			isa = PBXGroup;
			children = (
				E9F69C3C1ABC51CE00C9DC20 /* Parse Service */,
				E9F69C391ABC51B300C9DC20 /* ServiceLayer.h */,
				E9F69C3A1ABC51B300C9DC20 /* ServiceLayer.m */,
			);
			name = Services;
			sourceTree = "<group>";
		};
		E9F69C111ABC170600C9DC20 /* Model */ = {
			isa = PBXGroup;
			children = (
			);
			name = Model;
			sourceTree = "<group>";
		};
		E9F69C271ABC174400C9DC20 /* AddFriends */ = {
			isa = PBXGroup;
			children = (
				E9F69C121ABC172000C9DC20 /* AddFriendsViewController.h */,
				E9F69C131ABC172000C9DC20 /* AddFriendsViewController.m */,
			);
			name = AddFriends;
			sourceTree = "<group>";
		};
		E9F69C281ABC174B00C9DC20 /* Camera */ = {
			isa = PBXGroup;
			children = (
				E9F69C141ABC172000C9DC20 /* CameraViewController.h */,
				E9F69C151ABC172000C9DC20 /* CameraViewController.m */,
			);
			name = Camera;
			sourceTree = "<group>";
		};
		E9F69C291ABC175400C9DC20 /* Friends */ = {
			isa = PBXGroup;
			children = (
				E9F69C161ABC172000C9DC20 /* FriendsViewController.h */,
				E9F69C171ABC172000C9DC20 /* FriendsViewController.m */,
			);
			name = Friends;
			sourceTree = "<group>";
		};
		E9F69C2A1ABC175C00C9DC20 /* ImageViewer */ = {
			isa = PBXGroup;
			children = (
				E9F69C181ABC172000C9DC20 /* ImageViewController.h */,
				E9F69C191ABC172000C9DC20 /* ImageViewController.m */,
			);
			name = ImageViewer;
			sourceTree = "<group>";
		};
		E9F69C2B1ABC176B00C9DC20 /* SignUp */ = {
			isa = PBXGroup;
			children = (
				E9F69C1E1ABC172000C9DC20 /* SignUpViewController.h */,
				E9F69C1F1ABC172000C9DC20 /* SignUpViewController.m */,
			);
			name = SignUp;
			sourceTree = "<group>";
		};
		E9F69C2C1ABC177300C9DC20 /* Login */ = {
			isa = PBXGroup;
			children = (
				E9F69C1C1ABC172000C9DC20 /* LoginViewController.h */,
				E9F69C1D1ABC172000C9DC20 /* LoginViewController.m */,
			);
			name = Login;
			sourceTree = "<group>";
		};
		E9F69C2D1ABC177E00C9DC20 /* Inbox */ = {
			isa = PBXGroup;
			children = (
				E9F69C1A1ABC172000C9DC20 /* InboxViewController.h */,
				E9F69C1B1ABC172000C9DC20 /* InboxViewController.m */,
			);
			name = Inbox;
			sourceTree = "<group>";
		};
		E9F69C361ABC46FA00C9DC20 /* Login */ = {
			isa = PBXGroup;
			children = (
				E9F69C331ABC433600C9DC20 /* LoginViewModel.h */,
				E9F69C341ABC433600C9DC20 /* LoginViewModel.m */,
			);
			name = Login;
			sourceTree = "<group>";
		};
		E9F69C3C1ABC51CE00C9DC20 /* Parse Service */ = {
			isa = PBXGroup;
			children = (
				E9F69C3D1ABC524A00C9DC20 /* ParseService.h */,
				E9F69C3E1ABC524A00C9DC20 /* ParseService.m */,
			);
			name = "Parse Service";
			sourceTree = "<group>";
		};
		E9F69C461ABC75A700C9DC20 /* SignUp */ = {
			isa = PBXGroup;
			children = (
				E9F69C4A1ABC75F200C9DC20 /* SignUpViewModel.h */,
				E9F69C4B1ABC75F200C9DC20 /* SignUpViewModel.m */,
			);
			name = SignUp;
			sourceTree = "<group>";
		};
		FE5224C533E2125BEF9BB159 /* Pods */ = {
			isa = PBXGroup;
			children = (
				DA2336857E6336AFB044BDDD /* Pods.debug.xcconfig */,
				0E0345FFF1E8933739171D3F /* Pods.release.xcconfig */,
			);
			name = Pods;
			sourceTree = "<group>";
		};
/* End PBXGroup section */

/* Begin PBXNativeTarget section */
		E96DBBE51A80CE5100E7D861 /* Ribbit */ = {
			isa = PBXNativeTarget;
			buildConfigurationList = E96DBC0C1A80CE5100E7D861 /* Build configuration list for PBXNativeTarget "Ribbit" */;
			buildPhases = (
				72039973D3830FFA87C62E26 /* Check Pods Manifest.lock */,
				E96DBBE21A80CE5100E7D861 /* Sources */,
				E96DBBE31A80CE5100E7D861 /* Frameworks */,
				E96DBBE41A80CE5100E7D861 /* Resources */,
				BCCB77F2833FFC03A359B03D /* Copy Pods Resources */,
			);
			buildRules = (
			);
			dependencies = (
			);
			name = Ribbit;
			productName = Ribbit;
			productReference = E96DBBE61A80CE5100E7D861 /* Ribbit.app */;
			productType = "com.apple.product-type.application";
		};
		E96DBC011A80CE5100E7D861 /* RibbitTests */ = {
			isa = PBXNativeTarget;
			buildConfigurationList = E96DBC0F1A80CE5100E7D861 /* Build configuration list for PBXNativeTarget "RibbitTests" */;
			buildPhases = (
				E96DBBFE1A80CE5100E7D861 /* Sources */,
				E96DBBFF1A80CE5100E7D861 /* Frameworks */,
				E96DBC001A80CE5100E7D861 /* Resources */,
			);
			buildRules = (
			);
			dependencies = (
				E96DBC041A80CE5100E7D861 /* PBXTargetDependency */,
			);
			name = RibbitTests;
			productName = RibbitTests;
			productReference = E96DBC021A80CE5100E7D861 /* RibbitTests.xctest */;
			productType = "com.apple.product-type.bundle.unit-test";
		};
/* End PBXNativeTarget section */

/* Begin PBXProject section */
		E96DBBDE1A80CE5100E7D861 /* Project object */ = {
			isa = PBXProject;
			attributes = {
				LastUpgradeCheck = 0610;
				ORGANIZATIONNAME = esoes;
				TargetAttributes = {
					E96DBBE51A80CE5100E7D861 = {
						CreatedOnToolsVersion = 6.1.1;
						DevelopmentTeam = LXH4N466X5;
						SystemCapabilities = {
							com.apple.InAppPurchase = {
								enabled = 0;
							};
						};
					};
					E96DBC011A80CE5100E7D861 = {
						CreatedOnToolsVersion = 6.1.1;
						TestTargetID = E96DBBE51A80CE5100E7D861;
					};
				};
			};
			buildConfigurationList = E96DBBE11A80CE5100E7D861 /* Build configuration list for PBXProject "Ribbit" */;
			compatibilityVersion = "Xcode 3.2";
			developmentRegion = English;
			hasScannedForEncodings = 0;
			knownRegions = (
				en,
				Base,
				tr,
			);
			mainGroup = E96DBBDD1A80CE5100E7D861;
			productRefGroup = E96DBBE71A80CE5100E7D861 /* Products */;
			projectDirPath = "";
			projectRoot = "";
			targets = (
				E96DBBE51A80CE5100E7D861 /* Ribbit */,
				E96DBC011A80CE5100E7D861 /* RibbitTests */,
			);
		};
/* End PBXProject section */

/* Begin PBXResourcesBuildPhase section */
		E96DBBE41A80CE5100E7D861 /* Resources */ = {
			isa = PBXResourcesBuildPhase;
			buildActionMask = 2147483647;
			files = (
				E9F69C4F1ABC7B8000C9DC20 /* Localizable.strings in Resources */,
				E906D36F1A83A2D900F9B079 /* LaunchScreen.xib in Resources */,
				E96DBBF81A80CE5100E7D861 /* Main.storyboard in Resources */,
				E96DBBFA1A80CE5100E7D861 /* Images.xcassets in Resources */,
				E96DBC131A80CEE900E7D861 /* Default-568h@2x.png in Resources */,
			);
			runOnlyForDeploymentPostprocessing = 0;
		};
		E96DBC001A80CE5100E7D861 /* Resources */ = {
			isa = PBXResourcesBuildPhase;
			buildActionMask = 2147483647;
			files = (
			);
			runOnlyForDeploymentPostprocessing = 0;
		};
/* End PBXResourcesBuildPhase section */

/* Begin PBXShellScriptBuildPhase section */
		72039973D3830FFA87C62E26 /* Check Pods Manifest.lock */ = {
			isa = PBXShellScriptBuildPhase;
			buildActionMask = 2147483647;
			files = (
			);
			inputPaths = (
			);
			name = "Check Pods Manifest.lock";
			outputPaths = (
			);
			runOnlyForDeploymentPostprocessing = 0;
			shellPath = /bin/sh;
			shellScript = "diff \"${PODS_ROOT}/../Podfile.lock\" \"${PODS_ROOT}/Manifest.lock\" > /dev/null\nif [[ $? != 0 ]] ; then\n    cat << EOM\nerror: The sandbox is not in sync with the Podfile.lock. Run 'pod install' or update your CocoaPods installation.\nEOM\n    exit 1\nfi\n";
			showEnvVarsInLog = 0;
		};
		BCCB77F2833FFC03A359B03D /* Copy Pods Resources */ = {
			isa = PBXShellScriptBuildPhase;
			buildActionMask = 2147483647;
			files = (
			);
			inputPaths = (
			);
			name = "Copy Pods Resources";
			outputPaths = (
			);
			runOnlyForDeploymentPostprocessing = 0;
			shellPath = /bin/sh;
			shellScript = "\"${SRCROOT}/Pods/Target Support Files/Pods/Pods-resources.sh\"\n";
			showEnvVarsInLog = 0;
		};
/* End PBXShellScriptBuildPhase section */

/* Begin PBXSourcesBuildPhase section */
		E96DBBE21A80CE5100E7D861 /* Sources */ = {
			isa = PBXSourcesBuildPhase;
			buildActionMask = 2147483647;
			files = (
				E9F69C221ABC172000C9DC20 /* FriendsViewController.m in Sources */,
				E9F69C3F1ABC524A00C9DC20 /* ParseService.m in Sources */,
				E9F69C231ABC172000C9DC20 /* ImageViewController.m in Sources */,
				E9F69C4C1ABC75F200C9DC20 /* SignUpViewModel.m in Sources */,
				E9F69C261ABC172000C9DC20 /* SignUpViewController.m in Sources */,
				E96DBBEF1A80CE5100E7D861 /* AppDelegate.m in Sources */,
				E9F69C211ABC172000C9DC20 /* CameraViewController.m in Sources */,
				E9F69C3B1ABC51B300C9DC20 /* ServiceLayer.m in Sources */,
				E96DBBEC1A80CE5100E7D861 /* main.m in Sources */,
				E9F69C201ABC172000C9DC20 /* AddFriendsViewController.m in Sources */,
				E9F69C241ABC172000C9DC20 /* InboxViewController.m in Sources */,
				E9F69C351ABC433600C9DC20 /* LoginViewModel.m in Sources */,
				E9F69C251ABC172000C9DC20 /* LoginViewController.m in Sources */,
			);
			runOnlyForDeploymentPostprocessing = 0;
		};
		E96DBBFE1A80CE5100E7D861 /* Sources */ = {
			isa = PBXSourcesBuildPhase;
			buildActionMask = 2147483647;
			files = (
				E96DBC091A80CE5100E7D861 /* RibbitTests.m in Sources */,
			);
			runOnlyForDeploymentPostprocessing = 0;
		};
/* End PBXSourcesBuildPhase section */

/* Begin PBXTargetDependency section */
		E96DBC041A80CE5100E7D861 /* PBXTargetDependency */ = {
			isa = PBXTargetDependency;
			target = E96DBBE51A80CE5100E7D861 /* Ribbit */;
			targetProxy = E96DBC031A80CE5100E7D861 /* PBXContainerItemProxy */;
		};
/* End PBXTargetDependency section */

/* Begin PBXVariantGroup section */
		E96DBBF61A80CE5100E7D861 /* Main.storyboard */ = {
			isa = PBXVariantGroup;
			children = (
				E96DBBF71A80CE5100E7D861 /* Base */,
				E9F69C521ABC7C0E00C9DC20 /* tr */,
			);
			name = Main.storyboard;
			sourceTree = "<group>";
		};
		E9F69C511ABC7B8000C9DC20 /* Localizable.strings */ = {
			isa = PBXVariantGroup;
			children = (
				E9F69C501ABC7B8000C9DC20 /* Base */,
				E9F69C531ABC7C0E00C9DC20 /* tr */,
			);
			name = Localizable.strings;
			sourceTree = "<group>";
		};
/* End PBXVariantGroup section */

/* Begin XCBuildConfiguration section */
		E96DBC0A1A80CE5100E7D861 /* Debug */ = {
			isa = XCBuildConfiguration;
			buildSettings = {
				ALWAYS_SEARCH_USER_PATHS = NO;
				CLANG_CXX_LANGUAGE_STANDARD = "gnu++0x";
				CLANG_CXX_LIBRARY = "libc++";
				CLANG_ENABLE_MODULES = YES;
				CLANG_ENABLE_OBJC_ARC = YES;
				CLANG_WARN_BOOL_CONVERSION = YES;
				CLANG_WARN_CONSTANT_CONVERSION = YES;
				CLANG_WARN_DIRECT_OBJC_ISA_USAGE = YES_ERROR;
				CLANG_WARN_EMPTY_BODY = YES;
				CLANG_WARN_ENUM_CONVERSION = YES;
				CLANG_WARN_INT_CONVERSION = YES;
				CLANG_WARN_OBJC_ROOT_CLASS = YES_ERROR;
				CLANG_WARN_UNREACHABLE_CODE = YES;
				CLANG_WARN__DUPLICATE_METHOD_MATCH = YES;
				"CODE_SIGN_IDENTITY[sdk=iphoneos*]" = "iPhone Developer";
				COPY_PHASE_STRIP = NO;
				ENABLE_STRICT_OBJC_MSGSEND = YES;
				GCC_C_LANGUAGE_STANDARD = gnu99;
				GCC_DYNAMIC_NO_PIC = NO;
				GCC_OPTIMIZATION_LEVEL = 0;
				GCC_PREPROCESSOR_DEFINITIONS = (
					"DEBUG=1",
					"$(inherited)",
				);
				GCC_SYMBOLS_PRIVATE_EXTERN = NO;
				GCC_WARN_64_TO_32_BIT_CONVERSION = YES;
				GCC_WARN_ABOUT_RETURN_TYPE = YES_ERROR;
				GCC_WARN_UNDECLARED_SELECTOR = YES;
				GCC_WARN_UNINITIALIZED_AUTOS = YES_AGGRESSIVE;
				GCC_WARN_UNUSED_FUNCTION = YES;
				GCC_WARN_UNUSED_VARIABLE = YES;
				IPHONEOS_DEPLOYMENT_TARGET = 8.1;
				MTL_ENABLE_DEBUG_INFO = YES;
				ONLY_ACTIVE_ARCH = YES;
				SDKROOT = iphoneos;
			};
			name = Debug;
		};
		E96DBC0B1A80CE5100E7D861 /* Release */ = {
			isa = XCBuildConfiguration;
			buildSettings = {
				ALWAYS_SEARCH_USER_PATHS = NO;
				CLANG_CXX_LANGUAGE_STANDARD = "gnu++0x";
				CLANG_CXX_LIBRARY = "libc++";
				CLANG_ENABLE_MODULES = YES;
				CLANG_ENABLE_OBJC_ARC = YES;
				CLANG_WARN_BOOL_CONVERSION = YES;
				CLANG_WARN_CONSTANT_CONVERSION = YES;
				CLANG_WARN_DIRECT_OBJC_ISA_USAGE = YES_ERROR;
				CLANG_WARN_EMPTY_BODY = YES;
				CLANG_WARN_ENUM_CONVERSION = YES;
				CLANG_WARN_INT_CONVERSION = YES;
				CLANG_WARN_OBJC_ROOT_CLASS = YES_ERROR;
				CLANG_WARN_UNREACHABLE_CODE = YES;
				CLANG_WARN__DUPLICATE_METHOD_MATCH = YES;
				"CODE_SIGN_IDENTITY[sdk=iphoneos*]" = "iPhone Developer";
				COPY_PHASE_STRIP = YES;
				ENABLE_NS_ASSERTIONS = NO;
				ENABLE_STRICT_OBJC_MSGSEND = YES;
				GCC_C_LANGUAGE_STANDARD = gnu99;
				GCC_WARN_64_TO_32_BIT_CONVERSION = YES;
				GCC_WARN_ABOUT_RETURN_TYPE = YES_ERROR;
				GCC_WARN_UNDECLARED_SELECTOR = YES;
				GCC_WARN_UNINITIALIZED_AUTOS = YES_AGGRESSIVE;
				GCC_WARN_UNUSED_FUNCTION = YES;
				GCC_WARN_UNUSED_VARIABLE = YES;
				IPHONEOS_DEPLOYMENT_TARGET = 8.1;
				MTL_ENABLE_DEBUG_INFO = NO;
				SDKROOT = iphoneos;
				VALIDATE_PRODUCT = YES;
			};
			name = Release;
		};
		E96DBC0D1A80CE5100E7D861 /* Debug */ = {
			isa = XCBuildConfiguration;
			baseConfigurationReference = DA2336857E6336AFB044BDDD /* Pods.debug.xcconfig */;
			buildSettings = {
				ASSETCATALOG_COMPILER_APPICON_NAME = AppIcon;
				CODE_SIGN_IDENTITY = "iPhone Developer";
				FRAMEWORK_SEARCH_PATHS = (
					"$(inherited)",
					"$(PROJECT_DIR)/Ribbit",
				);
				INFOPLIST_FILE = Ribbit/Info.plist;
				IPHONEOS_DEPLOYMENT_TARGET = 7.0;
				LD_RUNPATH_SEARCH_PATHS = "$(inherited) @executable_path/Frameworks";
				PRODUCT_NAME = "$(TARGET_NAME)";
			};
			name = Debug;
		};
		E96DBC0E1A80CE5100E7D861 /* Release */ = {
			isa = XCBuildConfiguration;
			baseConfigurationReference = 0E0345FFF1E8933739171D3F /* Pods.release.xcconfig */;
			buildSettings = {
				ASSETCATALOG_COMPILER_APPICON_NAME = AppIcon;
				CODE_SIGN_IDENTITY = "iPhone Developer";
				FRAMEWORK_SEARCH_PATHS = (
					"$(inherited)",
					"$(PROJECT_DIR)/Ribbit",
				);
				INFOPLIST_FILE = Ribbit/Info.plist;
				IPHONEOS_DEPLOYMENT_TARGET = 7.0;
				LD_RUNPATH_SEARCH_PATHS = "$(inherited) @executable_path/Frameworks";
				PRODUCT_NAME = "$(TARGET_NAME)";
			};
			name = Release;
		};
		E96DBC101A80CE5100E7D861 /* Debug */ = {
			isa = XCBuildConfiguration;
			buildSettings = {
				BUNDLE_LOADER = "$(TEST_HOST)";
				FRAMEWORK_SEARCH_PATHS = (
					"$(SDKROOT)/Developer/Library/Frameworks",
					"$(inherited)",
				);
				GCC_PREPROCESSOR_DEFINITIONS = (
					"DEBUG=1",
					"$(inherited)",
				);
				INFOPLIST_FILE = RibbitTests/Info.plist;
				LD_RUNPATH_SEARCH_PATHS = "$(inherited) @executable_path/Frameworks @loader_path/Frameworks";
				PRODUCT_NAME = "$(TARGET_NAME)";
				TEST_HOST = "$(BUILT_PRODUCTS_DIR)/Ribbit.app/Ribbit";
			};
			name = Debug;
		};
		E96DBC111A80CE5100E7D861 /* Release */ = {
			isa = XCBuildConfiguration;
			buildSettings = {
				BUNDLE_LOADER = "$(TEST_HOST)";
				FRAMEWORK_SEARCH_PATHS = (
					"$(SDKROOT)/Developer/Library/Frameworks",
					"$(inherited)",
				);
				INFOPLIST_FILE = RibbitTests/Info.plist;
				LD_RUNPATH_SEARCH_PATHS = "$(inherited) @executable_path/Frameworks @loader_path/Frameworks";
				PRODUCT_NAME = "$(TARGET_NAME)";
				TEST_HOST = "$(BUILT_PRODUCTS_DIR)/Ribbit.app/Ribbit";
			};
			name = Release;
		};
/* End XCBuildConfiguration section */

/* Begin XCConfigurationList section */
		E96DBBE11A80CE5100E7D861 /* Build configuration list for PBXProject "Ribbit" */ = {
			isa = XCConfigurationList;
			buildConfigurations = (
				E96DBC0A1A80CE5100E7D861 /* Debug */,
				E96DBC0B1A80CE5100E7D861 /* Release */,
			);
			defaultConfigurationIsVisible = 0;
			defaultConfigurationName = Release;
		};
		E96DBC0C1A80CE5100E7D861 /* Build configuration list for PBXNativeTarget "Ribbit" */ = {
			isa = XCConfigurationList;
			buildConfigurations = (
				E96DBC0D1A80CE5100E7D861 /* Debug */,
				E96DBC0E1A80CE5100E7D861 /* Release */,
			);
			defaultConfigurationIsVisible = 0;
			defaultConfigurationName = Release;
		};
		E96DBC0F1A80CE5100E7D861 /* Build configuration list for PBXNativeTarget "RibbitTests" */ = {
			isa = XCConfigurationList;
			buildConfigurations = (
				E96DBC101A80CE5100E7D861 /* Debug */,
				E96DBC111A80CE5100E7D861 /* Release */,
			);
			defaultConfigurationIsVisible = 0;
			defaultConfigurationName = Release;
		};
/* End XCConfigurationList section */
	};
	rootObject = E96DBBDE1A80CE5100E7D861 /* Project object */;
}
